{
  "version": 4,
  "terraform_version": "1.0.7",
  "serial": 3,
  "lineage": "2c56611d-95c7-bb94-aa0d-726e9ac132a7",
  "outputs": {},
  "resources": [
    {
      "mode": "managed",
      "type": "google_kms_key_ring",
      "name": "keyring",
      "provider": "provider[\"registry.terraform.io/hashicorp/google\"]",
      "instances": [
        {
          "schema_version": 0,
          "attributes": {
            "id": "projects/airline1-sabre-wolverine/locations/us/keyRings/us-dev-appid-encr-test2-keyring2",
            "location": "us",
            "name": "us-dev-appid-encr-test2-keyring2",
            "project": "airline1-sabre-wolverine",
            "self_link": "projects/airline1-sabre-wolverine/locations/us/keyRings/us-dev-appid-encr-test2-keyring2",
            "timeouts": null
          },
          "sensitive_attributes": [],
          "private": "eyJlMmJmYjczMC1lY2FhLTExZTYtOGY4OC0zNDM2M2JjN2M0YzAiOnsiY3JlYXRlIjoyNDAwMDAwMDAwMDAsImRlbGV0ZSI6MjQwMDAwMDAwMDAwfX0="
        }
      ]
    }
  ]
}
